PODS:
  - CTMediator (46)
  - Expecta (1.0.6)
  - "Expecta+Snapshots (3.1.1)":
    - Expecta (~> 1.0)
    - FBSnapshotTestCase/Core (~> 2.0)
    - Specta (~> 1.0)
  - FBSnapshotTestCase (2.1.4):
    - FBSnapshotTestCase/SwiftSupport (= 2.1.4)
  - FBSnapshotTestCase/Core (2.1.4)
  - FBSnapshotTestCase/SwiftSupport (2.1.4):
    - FBSnapshotTestCase/Core
  - PLCategoryPubKit (4.0)
  - PLLoginComponent (0.1.0):
    - CTMediator
    - PLCategoryPubKit
  - Specta (1.0.7)

DEPENDENCIES:
  - CTMediator
  - Expecta
  - "Expecta+Snapshots"
  - FBSnapshotTestCase
  - PLCategoryPubKit
  - PLLoginComponent (from `../`)
  - Specta

SPEC REPOS:
  https://github.com/solerpan/SPSpecs.git:
    - PLCategoryPubKit
  trunk:
    - CTMediator
    - Expecta
    - "Expecta+Snapshots"
    - FBSnapshotTestCase
    - Specta

EXTERNAL SOURCES:
  PLLoginComponent:
    :path: "../"

SPEC CHECKSUMS:
  CTMediator: f1cf58d509fb3192086c367711f039efd769b907
  Expecta: 3b6bd90a64b9a1dcb0b70aa0e10a7f8f631667d5
  "Expecta+Snapshots": dcff217eef506dabd6dfdc7864ea2da321fafbb8
  FBSnapshotTestCase: 094f9f314decbabe373b87cc339bea235a63e07a
  PLCategoryPubKit: 6901845e896ef8e19d857c8d985d26464364fc8b
  PLLoginComponent: 44f25585307d85517f8e19823870dd9fc2cd5cfe
  Specta: 3e1bd89c3517421982dc4d1c992503e48bd5fe66

PODFILE CHECKSUM: 568fefab79b7ffaf9421da4ba4439a6f0968dd68

COCOAPODS: 1.10.0
